
Microsoft Visual Studio Solution File, Format Version 12.00
# Visual Studio 15
VisualStudioVersion = 15.0.28307.1000
MinimumVisualStudioVersion = 10.0.40219.1
Project("{FAE04EC0-301F-11D3-BF4B-00C04F79EFBC}") = "PesquisaRH", "PesquisaRH\PesquisaRH.csproj", "{27F5911B-F0B2-4956-A9E5-02BFD3A3E622}"
EndProject
Global
	GlobalSection(SolutionConfigurationPlatforms) = preSolution
		Debug|Any CPU = Debug|Any CPU
		Release|Any CPU = Release|Any CPU
	EndGlobalSection
	GlobalSection(ProjectConfigurationPlatforms) = postSolution
		{27F5911B-F0B2-4956-A9E5-02BFD3A3E622}.Debug|Any CPU.ActiveCfg = Debug|Any CPU
		{27F5911B-F0B2-4956-A9E5-02BFD3A3E622}.Debug|Any CPU.Build.0 = Debug|Any CPU
		{27F5911B-F0B2-4956-A9E5-02BFD3A3E622}.Release|Any CPU.ActiveCfg = Release|Any CPU
		{27F5911B-F0B2-4956-A9E5-02BFD3A3E622}.Release|Any CPU.Build.0 = Release|Any CPU
	EndGlobalSection
	GlobalSection(SolutionProperties) = preSolution
		HideSolutionNode = FALSE
	EndGlobalSection
	GlobalSection(ExtensibilityGlobals) = postSolution
		SolutionGuid = {16118EFB-2029-4550-9DF4-F1785C26C86B}
	EndGlobalSection
EndGlobal
